
Microsoft Visual Studio Solution File, Format Version 12.00
# Visual Studio Version 16
VisualStudioVersion = 16.0.29102.190
MinimumVisualStudioVersion = 10.0.40219.1
Project("{FAE04EC0-301F-11D3-BF4B-00C04F79EFBC}") = "iDareUI", "iDareUI\iDareUI.csproj", "{70C14EFF-AFDF-4000-B581-EE3B42CF48FE}"
EndProject
Global
	GlobalSection(SolutionConfigurationPlatforms) = preSolution
		Debug|Any CPU = Debug|Any CPU
		Release|Any CPU = Release|Any CPU
	EndGlobalSection
	GlobalSection(ProjectConfigurationPlatforms) = postSolution
		{70C14EFF-AFDF-4000-B581-EE3B42CF48FE}.Debug|Any CPU.ActiveCfg = Debug|Any CPU
		{70C14EFF-AFDF-4000-B581-EE3B42CF48FE}.Debug|Any CPU.Build.0 = Debug|Any CPU
		{70C14EFF-AFDF-4000-B581-EE3B42CF48FE}.Release|Any CPU.ActiveCfg = Release|Any CPU
		{70C14EFF-AFDF-4000-B581-EE3B42CF48FE}.Release|Any CPU.Build.0 = Release|Any CPU
	EndGlobalSection
	GlobalSection(SolutionProperties) = preSolution
		HideSolutionNode = FALSE
	EndGlobalSection
	GlobalSection(ExtensibilityGlobals) = postSolution
		SolutionGuid = {E45C2A27-56A1-460A-841D-7128211C9231}
	EndGlobalSection
EndGlobal
